// !$*UTF8*$!
{
	archiveVersion = 1;
	classes = {
	};
	objectVersion = 46;
	objects = {

/* Begin PBXBuildFile section */
		615BE81019D3AE8200CDF48B /* AppDelegate.swift in Sources */ = {isa = PBXBuildFile; fileRef = 615BE80F19D3AE8200CDF48B /* AppDelegate.swift */; };
		615BE81219D3AE8200CDF48B /* ViewController.swift in Sources */ = {isa = PBXBuildFile; fileRef = 615BE81119D3AE8200CDF48B /* ViewController.swift */; };
		615BE81519D3AE8200CDF48B /* Main.storyboard in Resources */ = {isa = PBXBuildFile; fileRef = 615BE81319D3AE8200CDF48B /* Main.storyboard */; };
		615BE81719D3AE8200CDF48B /* Images.xcassets in Resources */ = {isa = PBXBuildFile; fileRef = 615BE81619D3AE8200CDF48B /* Images.xcassets */; };
		615BE82619D3AE8200CDF48B /* MailboxTests.swift in Sources */ = {isa = PBXBuildFile; fileRef = 615BE82519D3AE8200CDF48B /* MailboxTests.swift */; };
		615BE83019D3C55400CDF48B /* MailboxViewController.swift in Sources */ = {isa = PBXBuildFile; fileRef = 615BE82F19D3C55400CDF48B /* MailboxViewController.swift */; };
		615BE83219D52AD900CDF48B /* IndividualViewController.swift in Sources */ = {isa = PBXBuildFile; fileRef = 615BE83119D52AD900CDF48B /* IndividualViewController.swift */; };
		61D0C71219D78AB700C8CC2D /* ResheduleViewController.swift in Sources */ = {isa = PBXBuildFile; fileRef = 61D0C71119D78AB700C8CC2D /* ResheduleViewController.swift */; };
		61D0C71419D78E0200C8CC2D /* ListViewController.swift in Sources */ = {isa = PBXBuildFile; fileRef = 61D0C71319D78E0200C8CC2D /* ListViewController.swift */; };
/* End PBXBuildFile section */

/* Begin PBXContainerItemProxy section */
		615BE82019D3AE8200CDF48B /* PBXContainerItemProxy */ = {
			isa = PBXContainerItemProxy;
			containerPortal = 615BE80219D3AE8200CDF48B /* Project object */;
			proxyType = 1;
			remoteGlobalIDString = 615BE80919D3AE8200CDF48B;
			remoteInfo = Mailbox;
		};
/* End PBXContainerItemProxy section */

/* Begin PBXFileReference section */
		615BE80A19D3AE8200CDF48B /* Mailbox.app */ = {isa = PBXFileReference; explicitFileType = wrapper.application; includeInIndex = 0; path = Mailbox.app; sourceTree = BUILT_PRODUCTS_DIR; };
		615BE80E19D3AE8200CDF48B /* Info.plist */ = {isa = PBXFileReference; lastKnownFileType = text.plist.xml; path = Info.plist; sourceTree = "<group>"; };
		615BE80F19D3AE8200CDF48B /* AppDelegate.swift */ = {isa = PBXFileReference; lastKnownFileType = sourcecode.swift; path = AppDelegate.swift; sourceTree = "<group>"; };
		615BE81119D3AE8200CDF48B /* ViewController.swift */ = {isa = PBXFileReference; lastKnownFileType = sourcecode.swift; path = ViewController.swift; sourceTree = "<group>"; };
		615BE81419D3AE8200CDF48B /* Base */ = {isa = PBXFileReference; lastKnownFileType = file.storyboard; name = Base; path = Base.lproj/Main.storyboard; sourceTree = "<group>"; };
		615BE81619D3AE8200CDF48B /* Images.xcassets */ = {isa = PBXFileReference; lastKnownFileType = folder.assetcatalog; path = Images.xcassets; sourceTree = "<group>"; };
		615BE81F19D3AE8200CDF48B /* MailboxTests.xctest */ = {isa = PBXFileReference; explicitFileType = wrapper.cfbundle; includeInIndex = 0; path = MailboxTests.xctest; sourceTree = BUILT_PRODUCTS_DIR; };
		615BE82419D3AE8200CDF48B /* Info.plist */ = {isa = PBXFileReference; lastKnownFileType = text.plist.xml; path = Info.plist; sourceTree = "<group>"; };
		615BE82519D3AE8200CDF48B /* MailboxTests.swift */ = {isa = PBXFileReference; lastKnownFileType = sourcecode.swift; path = MailboxTests.swift; sourceTree = "<group>"; };
		615BE82F19D3C55400CDF48B /* MailboxViewController.swift */ = {isa = PBXFileReference; fileEncoding = 4; lastKnownFileType = sourcecode.swift; path = MailboxViewController.swift; sourceTree = "<group>"; };
		615BE83119D52AD900CDF48B /* IndividualViewController.swift */ = {isa = PBXFileReference; fileEncoding = 4; lastKnownFileType = sourcecode.swift; path = IndividualViewController.swift; sourceTree = "<group>"; };
		61D0C71119D78AB700C8CC2D /* ResheduleViewController.swift */ = {isa = PBXFileReference; fileEncoding = 4; lastKnownFileType = sourcecode.swift; path = ResheduleViewController.swift; sourceTree = "<group>"; };
		61D0C71319D78E0200C8CC2D /* ListViewController.swift */ = {isa = PBXFileReference; fileEncoding = 4; lastKnownFileType = sourcecode.swift; path = ListViewController.swift; sourceTree = "<group>"; };
/* End PBXFileReference section */

/* Begin PBXFrameworksBuildPhase section */
		615BE80719D3AE8200CDF48B /* Frameworks */ = {
			isa = PBXFrameworksBuildPhase;
			buildActionMask = 2147483647;
			files = (
			);
			runOnlyForDeploymentPostprocessing = 0;
		};
		615BE81C19D3AE8200CDF48B /* Frameworks */ = {
			isa = PBXFrameworksBuildPhase;
			buildActionMask = 2147483647;
			files = (
			);
			runOnlyForDeploymentPostprocessing = 0;
		};
/* End PBXFrameworksBuildPhase section */

/* Begin PBXGroup section */
		615BE80119D3AE8200CDF48B = {
			isa = PBXGroup;
			children = (
				615BE80C19D3AE8200CDF48B /* Mailbox */,
				615BE82219D3AE8200CDF48B /* MailboxTests */,
				615BE80B19D3AE8200CDF48B /* Products */,
			);
			sourceTree = "<group>";
		};
		615BE80B19D3AE8200CDF48B /* Products */ = {
			isa = PBXGroup;
			children = (
				615BE80A19D3AE8200CDF48B /* Mailbox.app */,
				615BE81F19D3AE8200CDF48B /* MailboxTests.xctest */,
			);
			name = Products;
			sourceTree = "<group>";
		};
		615BE80C19D3AE8200CDF48B /* Mailbox */ = {
			isa = PBXGroup;
			children = (
				615BE80F19D3AE8200CDF48B /* AppDelegate.swift */,
				615BE81119D3AE8200CDF48B /* ViewController.swift */,
				615BE81319D3AE8200CDF48B /* Main.storyboard */,
				61D0C71319D78E0200C8CC2D /* ListViewController.swift */,
				61D0C71119D78AB700C8CC2D /* ResheduleViewController.swift */,
				615BE83119D52AD900CDF48B /* IndividualViewController.swift */,
				615BE82F19D3C55400CDF48B /* MailboxViewController.swift */,
				615BE81619D3AE8200CDF48B /* Images.xcassets */,
				615BE80D19D3AE8200CDF48B /* Supporting Files */,
			);
			path = Mailbox;
			sourceTree = "<group>";
		};
		615BE80D19D3AE8200CDF48B /* Supporting Files */ = {
			isa = PBXGroup;
			children = (
				615BE80E19D3AE8200CDF48B /* Info.plist */,
			);
			name = "Supporting Files";
			sourceTree = "<group>";
		};
		615BE82219D3AE8200CDF48B /* MailboxTests */ = {
			isa = PBXGroup;
			children = (
				615BE82519D3AE8200CDF48B /* MailboxTests.swift */,
				615BE82319D3AE8200CDF48B /* Supporting Files */,
			);
			path = MailboxTests;
			sourceTree = "<group>";
		};
		615BE82319D3AE8200CDF48B /* Supporting Files */ = {
			isa = PBXGroup;
			children = (
				615BE82419D3AE8200CDF48B /* Info.plist */,
			);
			name = "Supporting Files";
			sourceTree = "<group>";
		};
/* End PBXGroup section */

/* Begin PBXNativeTarget section */
		615BE80919D3AE8200CDF48B /* Mailbox */ = {
			isa = PBXNativeTarget;
			buildConfigurationList = 615BE82919D3AE8200CDF48B /* Build configuration list for PBXNativeTarget "Mailbox" */;
			buildPhases = (
				615BE80619D3AE8200CDF48B /* Sources */,
				615BE80719D3AE8200CDF48B /* Frameworks */,
				615BE80819D3AE8200CDF48B /* Resources */,
			);
			buildRules = (
			);
			dependencies = (
			);
			name = Mailbox;
			productName = Mailbox;
			productReference = 615BE80A19D3AE8200CDF48B /* Mailbox.app */;
			productType = "com.apple.product-type.application";
		};
		615BE81E19D3AE8200CDF48B /* MailboxTests */ = {
			isa = PBXNativeTarget;
			buildConfigurationList = 615BE82C19D3AE8200CDF48B /* Build configuration list for PBXNativeTarget "MailboxTests" */;
			buildPhases = (
				615BE81B19D3AE8200CDF48B /* Sources */,
				615BE81C19D3AE8200CDF48B /* Frameworks */,
				615BE81D19D3AE8200CDF48B /* Resources */,
			);
			buildRules = (
			);
			dependencies = (
				615BE82119D3AE8200CDF48B /* PBXTargetDependency */,
			);
			name = MailboxTests;
			productName = MailboxTests;
			productReference = 615BE81F19D3AE8200CDF48B /* MailboxTests.xctest */;
			productType = "com.apple.product-type.bundle.unit-test";
		};
/* End PBXNativeTarget section */

/* Begin PBXProject section */
		615BE80219D3AE8200CDF48B /* Project object */ = {
			isa = PBXProject;
			attributes = {
				LastUpgradeCheck = 0600;
				ORGANIZATIONNAME = "Jessica Jarvis";
				TargetAttributes = {
					615BE80919D3AE8200CDF48B = {
						CreatedOnToolsVersion = 6.0;
					};
					615BE81E19D3AE8200CDF48B = {
						CreatedOnToolsVersion = 6.0;
						TestTargetID = 615BE80919D3AE8200CDF48B;
					};
				};
			};
			buildConfigurationList = 615BE80519D3AE8200CDF48B /* Build configuration list for PBXProject "Mailbox" */;
			compatibilityVersion = "Xcode 3.2";
			developmentRegion = English;
			hasScannedForEncodings = 0;
			knownRegions = (
				en,
				Base,
			);
			mainGroup = 615BE80119D3AE8200CDF48B;
			productRefGroup = 615BE80B19D3AE8200CDF48B /* Products */;
			projectDirPath = "";
			projectRoot = "";
			targets = (
				615BE80919D3AE8200CDF48B /* Mailbox */,
				615BE81E19D3AE8200CDF48B /* MailboxTests */,
			);
		};
/* End PBXProject section */

/* Begin PBXResourcesBuildPhase section */
		615BE80819D3AE8200CDF48B /* Resources */ = {
			isa = PBXResourcesBuildPhase;
			buildActionMask = 2147483647;
			files = (
				615BE81519D3AE8200CDF48B /* Main.storyboard in Resources */,
				615BE81719D3AE8200CDF48B /* Images.xcassets in Resources */,
			);
			runOnlyForDeploymentPostprocessing = 0;
		};
		615BE81D19D3AE8200CDF48B /* Resources */ = {
			isa = PBXResourcesBuildPhase;
			buildActionMask = 2147483647;
			files = (
			);
			runOnlyForDeploymentPostprocessing = 0;
		};
/* End PBXResourcesBuildPhase section */

/* Begin PBXSourcesBuildPhase section */
		615BE80619D3AE8200CDF48B /* Sources */ = {
			isa = PBXSourcesBuildPhase;
			buildActionMask = 2147483647;
			files = (
				615BE81219D3AE8200CDF48B /* ViewController.swift in Sources */,
				615BE83219D52AD900CDF48B /* IndividualViewController.swift in Sources */,
				61D0C71419D78E0200C8CC2D /* ListViewController.swift in Sources */,
				615BE81019D3AE8200CDF48B /* AppDelegate.swift in Sources */,
				615BE83019D3C55400CDF48B /* MailboxViewController.swift in Sources */,
				61D0C71219D78AB700C8CC2D /* ResheduleViewController.swift in Sources */,
			);
			runOnlyForDeploymentPostprocessing = 0;
		};
		615BE81B19D3AE8200CDF48B /* Sources */ = {
			isa = PBXSourcesBuildPhase;
			buildActionMask = 2147483647;
			files = (
				615BE82619D3AE8200CDF48B /* MailboxTests.swift in Sources */,
			);
			runOnlyForDeploymentPostprocessing = 0;
		};
/* End PBXSourcesBuildPhase section */

/* Begin PBXTargetDependency section */
		615BE82119D3AE8200CDF48B /* PBXTargetDependency */ = {
			isa = PBXTargetDependency;
			target = 615BE80919D3AE8200CDF48B /* Mailbox */;
			targetProxy = 615BE82019D3AE8200CDF48B /* PBXContainerItemProxy */;
		};
/* End PBXTargetDependency section */

/* Begin PBXVariantGroup section */
		615BE81319D3AE8200CDF48B /* Main.storyboard */ = {
			isa = PBXVariantGroup;
			children = (
				615BE81419D3AE8200CDF48B /* Base */,
			);
			name = Main.storyboard;
			sourceTree = "<group>";
		};
/* End PBXVariantGroup section */

/* Begin XCBuildConfiguration section */
		615BE82719D3AE8200CDF48B /* Debug */ = {
			isa = XCBuildConfiguration;
			buildSettings = {
				ALWAYS_SEARCH_USER_PATHS = NO;
				CLANG_CXX_LANGUAGE_STANDARD = "gnu++0x";
				CLANG_CXX_LIBRARY = "libc++";
				CLANG_ENABLE_MODULES = YES;
				CLANG_ENABLE_OBJC_ARC = YES;
				CLANG_WARN_BOOL_CONVERSION = YES;
				CLANG_WARN_CONSTANT_CONVERSION = YES;
				CLANG_WARN_DIRECT_OBJC_ISA_USAGE = YES_ERROR;
				CLANG_WARN_EMPTY_BODY = YES;
				CLANG_WARN_ENUM_CONVERSION = YES;
				CLANG_WARN_INT_CONVERSION = YES;
				CLANG_WARN_OBJC_ROOT_CLASS = YES_ERROR;
				CLANG_WARN_UNREACHABLE_CODE = YES;
				CLANG_WARN__DUPLICATE_METHOD_MATCH = YES;
				"CODE_SIGN_IDENTITY[sdk=iphoneos*]" = "iPhone Developer";
				COPY_PHASE_STRIP = NO;
				ENABLE_STRICT_OBJC_MSGSEND = YES;
				GCC_C_LANGUAGE_STANDARD = gnu99;
				GCC_DYNAMIC_NO_PIC = NO;
				GCC_OPTIMIZATION_LEVEL = 0;
				GCC_PREPROCESSOR_DEFINITIONS = (
					"DEBUG=1",
					"$(inherited)",
				);
				GCC_SYMBOLS_PRIVATE_EXTERN = NO;
				GCC_WARN_64_TO_32_BIT_CONVERSION = YES;
				GCC_WARN_ABOUT_RETURN_TYPE = YES_ERROR;
				GCC_WARN_UNDECLARED_SELECTOR = YES;
				GCC_WARN_UNINITIALIZED_AUTOS = YES_AGGRESSIVE;
				GCC_WARN_UNUSED_FUNCTION = YES;
				GCC_WARN_UNUSED_VARIABLE = YES;
				IPHONEOS_DEPLOYMENT_TARGET = 8.0;
				MTL_ENABLE_DEBUG_INFO = YES;
				ONLY_ACTIVE_ARCH = YES;
				SDKROOT = iphoneos;
				SWIFT_OPTIMIZATION_LEVEL = "-Onone";
			};
			name = Debug;
		};
		615BE82819D3AE8200CDF48B /* Release */ = {
			isa = XCBuildConfiguration;
			buildSettings = {
				ALWAYS_SEARCH_USER_PATHS = NO;
				CLANG_CXX_LANGUAGE_STANDARD = "gnu++0x";
				CLANG_CXX_LIBRARY = "libc++";
				CLANG_ENABLE_MODULES = YES;
				CLANG_ENABLE_OBJC_ARC = YES;
				CLANG_WARN_BOOL_CONVERSION = YES;
				CLANG_WARN_CONSTANT_CONVERSION = YES;
				CLANG_WARN_DIRECT_OBJC_ISA_USAGE = YES_ERROR;
				CLANG_WARN_EMPTY_BODY = YES;
				CLANG_WARN_ENUM_CONVERSION = YES;
				CLANG_WARN_INT_CONVERSION = YES;
				CLANG_WARN_OBJC_ROOT_CLASS = YES_ERROR;
				CLANG_WARN_UNREACHABLE_CODE = YES;
				CLANG_WARN__DUPLICATE_METHOD_MATCH = YES;
				"CODE_SIGN_IDENTITY[sdk=iphoneos*]" = "iPhone Developer";
				COPY_PHASE_STRIP = YES;
				ENABLE_NS_ASSERTIONS = NO;
				ENABLE_STRICT_OBJC_MSGSEND = YES;
				GCC_C_LANGUAGE_STANDARD = gnu99;
				GCC_WARN_64_TO_32_BIT_CONVERSION = YES;
				GCC_WARN_ABOUT_RETURN_TYPE = YES_ERROR;
				GCC_WARN_UNDECLARED_SELECTOR = YES;
				GCC_WARN_UNINITIALIZED_AUTOS = YES_AGGRESSIVE;
				GCC_WARN_UNUSED_FUNCTION = YES;
				GCC_WARN_UNUSED_VARIABLE = YES;
				IPHONEOS_DEPLOYMENT_TARGET = 8.0;
				MTL_ENABLE_DEBUG_INFO = NO;
				SDKROOT = iphoneos;
				VALIDATE_PRODUCT = YES;
			};
			name = Release;
		};
		615BE82A19D3AE8200CDF48B /* Debug */ = {
			isa = XCBuildConfiguration;
			buildSettings = {
				ASSETCATALOG_COMPILER_APPICON_NAME = AppIcon;
				ASSETCATALOG_COMPILER_LAUNCHIMAGE_NAME = "LaunchImage-2";
				INFOPLIST_FILE = Mailbox/Info.plist;
				LD_RUNPATH_SEARCH_PATHS = "$(inherited) @executable_path/Frameworks";
				PRODUCT_NAME = "$(TARGET_NAME)";
			};
			name = Debug;
		};
		615BE82B19D3AE8200CDF48B /* Release */ = {
			isa = XCBuildConfiguration;
			buildSettings = {
				ASSETCATALOG_COMPILER_APPICON_NAME = AppIcon;
				ASSETCATALOG_COMPILER_LAUNCHIMAGE_NAME = "LaunchImage-2";
				INFOPLIST_FILE = Mailbox/Info.plist;
				LD_RUNPATH_SEARCH_PATHS = "$(inherited) @executable_path/Frameworks";
				PRODUCT_NAME = "$(TARGET_NAME)";
			};
			name = Release;
		};
		615BE82D19D3AE8200CDF48B /* Debug */ = {
			isa = XCBuildConfiguration;
			buildSettings = {
				BUNDLE_LOADER = "$(TEST_HOST)";
				FRAMEWORK_SEARCH_PATHS = (
					"$(SDKROOT)/Developer/Library/Frameworks",
					"$(inherited)",
				);
				GCC_PREPROCESSOR_DEFINITIONS = (
					"DEBUG=1",
					"$(inherited)",
				);
				INFOPLIST_FILE = MailboxTests/Info.plist;
				LD_RUNPATH_SEARCH_PATHS = "$(inherited) @executable_path/Frameworks @loader_path/Frameworks";
				PRODUCT_NAME = "$(TARGET_NAME)";
				TEST_HOST = "$(BUILT_PRODUCTS_DIR)/Mailbox.app/Mailbox";
			};
			name = Debug;
		};
		615BE82E19D3AE8200CDF48B /* Release */ = {
			isa = XCBuildConfiguration;
			buildSettings = {
				BUNDLE_LOADER = "$(TEST_HOST)";
				FRAMEWORK_SEARCH_PATHS = (
					"$(SDKROOT)/Developer/Library/Frameworks",
					"$(inherited)",
				);
				INFOPLIST_FILE = MailboxTests/Info.plist;
				LD_RUNPATH_SEARCH_PATHS = "$(inherited) @executable_path/Frameworks @loader_path/Frameworks";
				PRODUCT_NAME = "$(TARGET_NAME)";
				TEST_HOST = "$(BUILT_PRODUCTS_DIR)/Mailbox.app/Mailbox";
			};
			name = Release;
		};
/* End XCBuildConfiguration section */

/* Begin XCConfigurationList section */
		615BE80519D3AE8200CDF48B /* Build configuration list for PBXProject "Mailbox" */ = {
			isa = XCConfigurationList;
			buildConfigurations = (
				615BE82719D3AE8200CDF48B /* Debug */,
				615BE82819D3AE8200CDF48B /* Release */,
			);
			defaultConfigurationIsVisible = 0;
			defaultConfigurationName = Release;
		};
		615BE82919D3AE8200CDF48B /* Build configuration list for PBXNativeTarget "Mailbox" */ = {
			isa = XCConfigurationList;
			buildConfigurations = (
				615BE82A19D3AE8200CDF48B /* Debug */,
				615BE82B19D3AE8200CDF48B /* Release */,
			);
			defaultConfigurationIsVisible = 0;
			defaultConfigurationName = Release;
		};
		615BE82C19D3AE8200CDF48B /* Build configuration list for PBXNativeTarget "MailboxTests" */ = {
			isa = XCConfigurationList;
			buildConfigurations = (
				615BE82D19D3AE8200CDF48B /* Debug */,
				615BE82E19D3AE8200CDF48B /* Release */,
			);
			defaultConfigurationIsVisible = 0;
			defaultConfigurationName = Release;
		};
/* End XCConfigurationList section */
	};
	rootObject = 615BE80219D3AE8200CDF48B /* Project object */;
}
